// !$*UTF8*$!
{
	archiveVersion = 1;
	classes = {
	};
	objectVersion = 50;
	objects = {

/* Begin PBXBuildFile section */
		2223341A20DA76CF00DE44F7 /* AppDelegate.swift in Sources */ = {isa = PBXBuildFile; fileRef = 2223341920DA76CF00DE44F7 /* AppDelegate.swift */; };
		2223341C20DA76CF00DE44F7 /* art.scnassets in Resources */ = {isa = PBXBuildFile; fileRef = 2223341B20DA76CF00DE44F7 /* art.scnassets */; };
		2223341E20DA76CF00DE44F7 /* ViewController.swift in Sources */ = {isa = PBXBuildFile; fileRef = 2223341D20DA76CF00DE44F7 /* ViewController.swift */; };
		2223342120DA76CF00DE44F7 /* Main.storyboard in Resources */ = {isa = PBXBuildFile; fileRef = 2223341F20DA76CF00DE44F7 /* Main.storyboard */; };
		2223342320DA76D100DE44F7 /* Assets.xcassets in Resources */ = {isa = PBXBuildFile; fileRef = 2223342220DA76D100DE44F7 /* Assets.xcassets */; };
		2223342620DA76D100DE44F7 /* LaunchScreen.storyboard in Resources */ = {isa = PBXBuildFile; fileRef = 2223342420DA76D100DE44F7 /* LaunchScreen.storyboard */; };
		22298A8120DA92C5000E0995 /* GridNode.swift in Sources */ = {isa = PBXBuildFile; fileRef = 22298A8020DA92C5000E0995 /* GridNode.swift */; };
		22298A8320DA94CF000E0995 /* CabbageNode.swift in Sources */ = {isa = PBXBuildFile; fileRef = 22298A8220DA94CF000E0995 /* CabbageNode.swift */; };
/* End PBXBuildFile section */

/* Begin PBXFileReference section */
		2223341620DA76CF00DE44F7 /* ArExample.app */ = {isa = PBXFileReference; explicitFileType = wrapper.application; includeInIndex = 0; path = ArExample.app; sourceTree = BUILT_PRODUCTS_DIR; };
		2223341920DA76CF00DE44F7 /* AppDelegate.swift */ = {isa = PBXFileReference; lastKnownFileType = sourcecode.swift; path = AppDelegate.swift; sourceTree = "<group>"; };
		2223341B20DA76CF00DE44F7 /* art.scnassets */ = {isa = PBXFileReference; lastKnownFileType = wrapper.scnassets; path = art.scnassets; sourceTree = "<group>"; };
		2223341D20DA76CF00DE44F7 /* ViewController.swift */ = {isa = PBXFileReference; lastKnownFileType = sourcecode.swift; path = ViewController.swift; sourceTree = "<group>"; };
		2223342020DA76CF00DE44F7 /* Base */ = {isa = PBXFileReference; lastKnownFileType = file.storyboard; name = Base; path = Base.lproj/Main.storyboard; sourceTree = "<group>"; };
		2223342220DA76D100DE44F7 /* Assets.xcassets */ = {isa = PBXFileReference; lastKnownFileType = folder.assetcatalog; path = Assets.xcassets; sourceTree = "<group>"; };
		2223342520DA76D100DE44F7 /* Base */ = {isa = PBXFileReference; lastKnownFileType = file.storyboard; name = Base; path = Base.lproj/LaunchScreen.storyboard; sourceTree = "<group>"; };
		2223342720DA76D100DE44F7 /* Info.plist */ = {isa = PBXFileReference; lastKnownFileType = text.plist.xml; path = Info.plist; sourceTree = "<group>"; };
		22298A8020DA92C5000E0995 /* GridNode.swift */ = {isa = PBXFileReference; lastKnownFileType = sourcecode.swift; path = GridNode.swift; sourceTree = "<group>"; };
		22298A8220DA94CF000E0995 /* CabbageNode.swift */ = {isa = PBXFileReference; lastKnownFileType = sourcecode.swift; path = CabbageNode.swift; sourceTree = "<group>"; };
/* End PBXFileReference section */

/* Begin PBXFrameworksBuildPhase section */
		2223341320DA76CF00DE44F7 /* Frameworks */ = {
			isa = PBXFrameworksBuildPhase;
			buildActionMask = 2147483647;
			files = (
			);
			runOnlyForDeploymentPostprocessing = 0;
		};
/* End PBXFrameworksBuildPhase section */

/* Begin PBXGroup section */
		2223340D20DA76CF00DE44F7 = {
			isa = PBXGroup;
			children = (
				2223341820DA76CF00DE44F7 /* ArExample */,
				2223341720DA76CF00DE44F7 /* Products */,
			);
			sourceTree = "<group>";
		};
		2223341720DA76CF00DE44F7 /* Products */ = {
			isa = PBXGroup;
			children = (
				2223341620DA76CF00DE44F7 /* ArExample.app */,
			);
			name = Products;
			sourceTree = "<group>";
		};
		2223341820DA76CF00DE44F7 /* ArExample */ = {
			isa = PBXGroup;
			children = (
				2277151B20DD1F5100CEEBF4 /* Nodes */,
				2223341920DA76CF00DE44F7 /* AppDelegate.swift */,
				2223341B20DA76CF00DE44F7 /* art.scnassets */,
				2223341D20DA76CF00DE44F7 /* ViewController.swift */,
				2223341F20DA76CF00DE44F7 /* Main.storyboard */,
				2223342220DA76D100DE44F7 /* Assets.xcassets */,
				2223342420DA76D100DE44F7 /* LaunchScreen.storyboard */,
				2223342720DA76D100DE44F7 /* Info.plist */,
			);
			path = ArExample;
			sourceTree = "<group>";
		};
		2277151B20DD1F5100CEEBF4 /* Nodes */ = {
			isa = PBXGroup;
			children = (
				22298A8020DA92C5000E0995 /* GridNode.swift */,
				22298A8220DA94CF000E0995 /* CabbageNode.swift */,
			);
			path = Nodes;
			sourceTree = "<group>";
		};
/* End PBXGroup section */

/* Begin PBXNativeTarget section */
		2223341520DA76CF00DE44F7 /* ArExample */ = {
			isa = PBXNativeTarget;
			buildConfigurationList = 2223342A20DA76D100DE44F7 /* Build configuration list for PBXNativeTarget "ArExample" */;
			buildPhases = (
				2223341220DA76CF00DE44F7 /* Sources */,
				2223341320DA76CF00DE44F7 /* Frameworks */,
				2223341420DA76CF00DE44F7 /* Resources */,
			);
			buildRules = (
			);
			dependencies = (
			);
			name = ArExample;
			productName = ArExample;
			productReference = 2223341620DA76CF00DE44F7 /* ArExample.app */;
			productType = "com.apple.product-type.application";
		};
/* End PBXNativeTarget section */

/* Begin PBXProject section */
		2223340E20DA76CF00DE44F7 /* Project object */ = {
			isa = PBXProject;
			attributes = {
				LastSwiftUpdateCheck = 0940;
				LastUpgradeCheck = 0940;
				ORGANIZATIONNAME = ggwizdala;
				TargetAttributes = {
					2223341520DA76CF00DE44F7 = {
						CreatedOnToolsVersion = 9.4.1;
					};
				};
			};
			buildConfigurationList = 2223341120DA76CF00DE44F7 /* Build configuration list for PBXProject "ArExample" */;
			compatibilityVersion = "Xcode 9.3";
			developmentRegion = en;
			hasScannedForEncodings = 0;
			knownRegions = (
				en,
				Base,
			);
			mainGroup = 2223340D20DA76CF00DE44F7;
			productRefGroup = 2223341720DA76CF00DE44F7 /* Products */;
			projectDirPath = "";
			projectRoot = "";
			targets = (
				2223341520DA76CF00DE44F7 /* ArExample */,
			);
		};
/* End PBXProject section */

/* Begin PBXResourcesBuildPhase section */
		2223341420DA76CF00DE44F7 /* Resources */ = {
			isa = PBXResourcesBuildPhase;
			buildActionMask = 2147483647;
			files = (
				2223341C20DA76CF00DE44F7 /* art.scnassets in Resources */,
				2223342620DA76D100DE44F7 /* LaunchScreen.storyboard in Resources */,
				2223342320DA76D100DE44F7 /* Assets.xcassets in Resources */,
				2223342120DA76CF00DE44F7 /* Main.storyboard in Resources */,
			);
			runOnlyForDeploymentPostprocessing = 0;
		};
/* End PBXResourcesBuildPhase section */

/* Begin PBXSourcesBuildPhase section */
		2223341220DA76CF00DE44F7 /* Sources */ = {
			isa = PBXSourcesBuildPhase;
			buildActionMask = 2147483647;
			files = (
				2223341E20DA76CF00DE44F7 /* ViewController.swift in Sources */,
				22298A8120DA92C5000E0995 /* GridNode.swift in Sources */,
				2223341A20DA76CF00DE44F7 /* AppDelegate.swift in Sources */,
				22298A8320DA94CF000E0995 /* CabbageNode.swift in Sources */,
			);
			runOnlyForDeploymentPostprocessing = 0;
		};
/* End PBXSourcesBuildPhase section */

/* Begin PBXVariantGroup section */
		2223341F20DA76CF00DE44F7 /* Main.storyboard */ = {
			isa = PBXVariantGroup;
			children = (
				2223342020DA76CF00DE44F7 /* Base */,
			);
			name = Main.storyboard;
			sourceTree = "<group>";
		};
		2223342420DA76D100DE44F7 /* LaunchScreen.storyboard */ = {
			isa = PBXVariantGroup;
			children = (
				2223342520DA76D100DE44F7 /* Base */,
			);
			name = LaunchScreen.storyboard;
			sourceTree = "<group>";
		};
/* End PBXVariantGroup section */

/* Begin XCBuildConfiguration section */
		2223342820DA76D100DE44F7 /* Debug */ = {
			isa = XCBuildConfiguration;
			buildSettings = {
				ALWAYS_SEARCH_USER_PATHS = NO;
				CLANG_ANALYZER_NONNULL = YES;
				CLANG_ANALYZER_NUMBER_OBJECT_CONVERSION = YES_AGGRESSIVE;
				CLANG_CXX_LANGUAGE_STANDARD = "gnu++14";
				CLANG_CXX_LIBRARY = "libc++";
				CLANG_ENABLE_MODULES = YES;
				CLANG_ENABLE_OBJC_ARC = YES;
				CLANG_ENABLE_OBJC_WEAK = YES;
				CLANG_WARN_BLOCK_CAPTURE_AUTORELEASING = YES;
				CLANG_WARN_BOOL_CONVERSION = YES;
				CLANG_WARN_COMMA = YES;
				CLANG_WARN_CONSTANT_CONVERSION = YES;
				CLANG_WARN_DEPRECATED_OBJC_IMPLEMENTATIONS = YES;
				CLANG_WARN_DIRECT_OBJC_ISA_USAGE = YES_ERROR;
				CLANG_WARN_DOCUMENTATION_COMMENTS = YES;
				CLANG_WARN_EMPTY_BODY = YES;
				CLANG_WARN_ENUM_CONVERSION = YES;
				CLANG_WARN_INFINITE_RECURSION = YES;
				CLANG_WARN_INT_CONVERSION = YES;
				CLANG_WARN_NON_LITERAL_NULL_CONVERSION = YES;
				CLANG_WARN_OBJC_IMPLICIT_RETAIN_SELF = YES;
				CLANG_WARN_OBJC_LITERAL_CONVERSION = YES;
				CLANG_WARN_OBJC_ROOT_CLASS = YES_ERROR;
				CLANG_WARN_RANGE_LOOP_ANALYSIS = YES;
				CLANG_WARN_STRICT_PROTOTYPES = YES;
				CLANG_WARN_SUSPICIOUS_MOVE = YES;
				CLANG_WARN_UNGUARDED_AVAILABILITY = YES_AGGRESSIVE;
				CLANG_WARN_UNREACHABLE_CODE = YES;
				CLANG_WARN__DUPLICATE_METHOD_MATCH = YES;
				CODE_SIGN_IDENTITY = "iPhone Developer";
				COPY_PHASE_STRIP = NO;
				DEBUG_INFORMATION_FORMAT = dwarf;
				ENABLE_STRICT_OBJC_MSGSEND = YES;
				ENABLE_TESTABILITY = YES;
				GCC_C_LANGUAGE_STANDARD = gnu11;
				GCC_DYNAMIC_NO_PIC = NO;
				GCC_NO_COMMON_BLOCKS = YES;
				GCC_OPTIMIZATION_LEVEL = 0;
				GCC_PREPROCESSOR_DEFINITIONS = (
					"DEBUG=1",
					"$(inherited)",
				);
				GCC_WARN_64_TO_32_BIT_CONVERSION = YES;
				GCC_WARN_ABOUT_RETURN_TYPE = YES_ERROR;
				GCC_WARN_UNDECLARED_SELECTOR = YES;
				GCC_WARN_UNINITIALIZED_AUTOS = YES_AGGRESSIVE;
				GCC_WARN_UNUSED_FUNCTION = YES;
				GCC_WARN_UNUSED_VARIABLE = YES;
				IPHONEOS_DEPLOYMENT_TARGET = 11.4;
				MTL_ENABLE_DEBUG_INFO = YES;
				ONLY_ACTIVE_ARCH = YES;
				SDKROOT = iphoneos;
				SWIFT_ACTIVE_COMPILATION_CONDITIONS = DEBUG;
				SWIFT_OPTIMIZATION_LEVEL = "-Onone";
			};
			name = Debug;
		};
		2223342920DA76D100DE44F7 /* Release */ = {
			isa = XCBuildConfiguration;
			buildSettings = {
				ALWAYS_SEARCH_USER_PATHS = NO;
				CLANG_ANALYZER_NONNULL = YES;
				CLANG_ANALYZER_NUMBER_OBJECT_CONVERSION = YES_AGGRESSIVE;
				CLANG_CXX_LANGUAGE_STANDARD = "gnu++14";
				CLANG_CXX_LIBRARY = "libc++";
				CLANG_ENABLE_MODULES = YES;
				CLANG_ENABLE_OBJC_ARC = YES;
				CLANG_ENABLE_OBJC_WEAK = YES;
				CLANG_WARN_BLOCK_CAPTURE_AUTORELEASING = YES;
				CLANG_WARN_BOOL_CONVERSION = YES;
				CLANG_WARN_COMMA = YES;
				CLANG_WARN_CONSTANT_CONVERSION = YES;
				CLANG_WARN_DEPRECATED_OBJC_IMPLEMENTATIONS = YES;
				CLANG_WARN_DIRECT_OBJC_ISA_USAGE = YES_ERROR;
				CLANG_WARN_DOCUMENTATION_COMMENTS = YES;
				CLANG_WARN_EMPTY_BODY = YES;
				CLANG_WARN_ENUM_CONVERSION = YES;
				CLANG_WARN_INFINITE_RECURSION = YES;
				CLANG_WARN_INT_CONVERSION = YES;
				CLANG_WARN_NON_LITERAL_NULL_CONVERSION = YES;
				CLANG_WARN_OBJC_IMPLICIT_RETAIN_SELF = YES;
				CLANG_WARN_OBJC_LITERAL_CONVERSION = YES;
				CLANG_WARN_OBJC_ROOT_CLASS = YES_ERROR;
				CLANG_WARN_RANGE_LOOP_ANALYSIS = YES;
				CLANG_WARN_STRICT_PROTOTYPES = YES;
				CLANG_WARN_SUSPICIOUS_MOVE = YES;
				CLANG_WARN_UNGUARDED_AVAILABILITY = YES_AGGRESSIVE;
				CLANG_WARN_UNREACHABLE_CODE = YES;
				CLANG_WARN__DUPLICATE_METHOD_MATCH = YES;
				CODE_SIGN_IDENTITY = "iPhone Developer";
				COPY_PHASE_STRIP = NO;
				DEBUG_INFORMATION_FORMAT = "dwarf-with-dsym";
				ENABLE_NS_ASSERTIONS = NO;
				ENABLE_STRICT_OBJC_MSGSEND = YES;
				GCC_C_LANGUAGE_STANDARD = gnu11;
				GCC_NO_COMMON_BLOCKS = YES;
				GCC_WARN_64_TO_32_BIT_CONVERSION = YES;
				GCC_WARN_ABOUT_RETURN_TYPE = YES_ERROR;
				GCC_WARN_UNDECLARED_SELECTOR = YES;
				GCC_WARN_UNINITIALIZED_AUTOS = YES_AGGRESSIVE;
				GCC_WARN_UNUSED_FUNCTION = YES;
				GCC_WARN_UNUSED_VARIABLE = YES;
				IPHONEOS_DEPLOYMENT_TARGET = 11.4;
				MTL_ENABLE_DEBUG_INFO = NO;
				SDKROOT = iphoneos;
				SWIFT_COMPILATION_MODE = wholemodule;
				SWIFT_OPTIMIZATION_LEVEL = "-O";
				VALIDATE_PRODUCT = YES;
			};
			name = Release;
		};
		2223342B20DA76D100DE44F7 /* Debug */ = {
			isa = XCBuildConfiguration;
			buildSettings = {
				ASSETCATALOG_COMPILER_APPICON_NAME = AppIcon;
				CODE_SIGN_STYLE = Automatic;
				DEVELOPMENT_TEAM = 6ALA6QB992;
				INFOPLIST_FILE = ArExample/Info.plist;
				LD_RUNPATH_SEARCH_PATHS = (
					"$(inherited)",
					"@executable_path/Frameworks",
				);
				PRODUCT_BUNDLE_IDENTIFIER = com.zeelus.ArExample;
				PRODUCT_NAME = "$(TARGET_NAME)";
				SWIFT_VERSION = 4.0;
				TARGETED_DEVICE_FAMILY = "1,2";
			};
			name = Debug;
		};
		2223342C20DA76D100DE44F7 /* Release */ = {
			isa = XCBuildConfiguration;
			buildSettings = {
				ASSETCATALOG_COMPILER_APPICON_NAME = AppIcon;
				CODE_SIGN_STYLE = Automatic;
				DEVELOPMENT_TEAM = 6ALA6QB992;
				INFOPLIST_FILE = ArExample/Info.plist;
				LD_RUNPATH_SEARCH_PATHS = (
					"$(inherited)",
					"@executable_path/Frameworks",
				);
				PRODUCT_BUNDLE_IDENTIFIER = com.zeelus.ArExample;
				PRODUCT_NAME = "$(TARGET_NAME)";
				SWIFT_VERSION = 4.0;
				TARGETED_DEVICE_FAMILY = "1,2";
			};
			name = Release;
		};
/* End XCBuildConfiguration section */

/* Begin XCConfigurationList section */
		2223341120DA76CF00DE44F7 /* Build configuration list for PBXProject "ArExample" */ = {
			isa = XCConfigurationList;
			buildConfigurations = (
				2223342820DA76D100DE44F7 /* Debug */,
				2223342920DA76D100DE44F7 /* Release */,
			);
			defaultConfigurationIsVisible = 0;
			defaultConfigurationName = Release;
		};
		2223342A20DA76D100DE44F7 /* Build configuration list for PBXNativeTarget "ArExample" */ = {
			isa = XCConfigurationList;
			buildConfigurations = (
				2223342B20DA76D100DE44F7 /* Debug */,
				2223342C20DA76D100DE44F7 /* Release */,
			);
			defaultConfigurationIsVisible = 0;
			defaultConfigurationName = Release;
		};
/* End XCConfigurationList section */
	};
	rootObject = 2223340E20DA76CF00DE44F7 /* Project object */;
}
